// !$*UTF8*$!
{
	archiveVersion = 1;
	classes = {
	};
	objectVersion = 56;
	objects = {

/* Begin PBXBuildFile section */
		3708E51DCDAC7AA58C817EB2 /* Pods_SeptemberTestTask.framework in Frameworks */ = {isa = PBXBuildFile; fileRef = AC00AE1EA7A973873C1F46F6 /* Pods_SeptemberTestTask.framework */; };
		92DDB4D52AA7A9A90001E3C7 /* AppDelegate.swift in Sources */ = {isa = PBXBuildFile; fileRef = 92DDB4D42AA7A9A90001E3C7 /* AppDelegate.swift */; };
		92DDB4D92AA7A9A90001E3C7 /* ViewController.swift in Sources */ = {isa = PBXBuildFile; fileRef = 92DDB4D82AA7A9A90001E3C7 /* ViewController.swift */; };
		92DDB4DE2AA7A9AA0001E3C7 /* Assets.xcassets in Resources */ = {isa = PBXBuildFile; fileRef = 92DDB4DD2AA7A9AA0001E3C7 /* Assets.xcassets */; };
		92DDB4E12AA7A9AA0001E3C7 /* LaunchScreen.storyboard in Resources */ = {isa = PBXBuildFile; fileRef = 92DDB4DF2AA7A9AA0001E3C7 /* LaunchScreen.storyboard */; };
		92DDB4E92AA7AA1E0001E3C7 /* AppCoordinator.swift in Sources */ = {isa = PBXBuildFile; fileRef = 92DDB4E82AA7AA1E0001E3C7 /* AppCoordinator.swift */; };
		92DDB4F02AA7ABDD0001E3C7 /* Design.swift in Sources */ = {isa = PBXBuildFile; fileRef = 92DDB4EF2AA7ABDD0001E3C7 /* Design.swift */; };
		92DDB4F22AA7AEE30001E3C7 /* BaseTabBar.swift in Sources */ = {isa = PBXBuildFile; fileRef = 92DDB4F12AA7AEE30001E3C7 /* BaseTabBar.swift */; };
		92DDB4F92AA7B13F0001E3C7 /* BaseUITableViewCell.swift in Sources */ = {isa = PBXBuildFile; fileRef = 92DDB4F82AA7B13F0001E3C7 /* BaseUITableViewCell.swift */; };
		92DDB4FB2AA7B1CD0001E3C7 /* MainViewService.swift in Sources */ = {isa = PBXBuildFile; fileRef = 92DDB4FA2AA7B1CD0001E3C7 /* MainViewService.swift */; };
		92DDB4FD2AA7B1DD0001E3C7 /* MainViewUITableViewDataSource.swift in Sources */ = {isa = PBXBuildFile; fileRef = 92DDB4FC2AA7B1DD0001E3C7 /* MainViewUITableViewDataSource.swift */; };
		92DDB4FF2AA7B1E80001E3C7 /* MainViewBuilder.swift in Sources */ = {isa = PBXBuildFile; fileRef = 92DDB4FE2AA7B1E80001E3C7 /* MainViewBuilder.swift */; };
		92DDB5012AA7B1F20001E3C7 /* MainViewInteraction.swift in Sources */ = {isa = PBXBuildFile; fileRef = 92DDB5002AA7B1F20001E3C7 /* MainViewInteraction.swift */; };
		92DDB5032AA7B1FD0001E3C7 /* MainViewNavigation.swift in Sources */ = {isa = PBXBuildFile; fileRef = 92DDB5022AA7B1FD0001E3C7 /* MainViewNavigation.swift */; };
		92DDB5082AA7B23D0001E3C7 /* MainViewPresentation.swift in Sources */ = {isa = PBXBuildFile; fileRef = 92DDB5072AA7B23D0001E3C7 /* MainViewPresentation.swift */; };
		92DDB50A2AA7B2950001E3C7 /* MainView.swift in Sources */ = {isa = PBXBuildFile; fileRef = 92DDB5092AA7B2950001E3C7 /* MainView.swift */; };
		92DDB50C2AA7B2A80001E3C7 /* MainViewController.swift in Sources */ = {isa = PBXBuildFile; fileRef = 92DDB50B2AA7B2A80001E3C7 /* MainViewController.swift */; };
		92DDB50F2AA7B6A10001E3C7 /* CustomTextField.swift in Sources */ = {isa = PBXBuildFile; fileRef = 92DDB50E2AA7B6A10001E3C7 /* CustomTextField.swift */; };
		92DDB5112AA7BA5F0001E3C7 /* MainTableCell.swift in Sources */ = {isa = PBXBuildFile; fileRef = 92DDB5102AA7BA5F0001E3C7 /* MainTableCell.swift */; };
		92DDB5162AA7BC730001E3C7 /* MainCoreData.xcdatamodeld in Sources */ = {isa = PBXBuildFile; fileRef = 92DDB5142AA7BC730001E3C7 /* MainCoreData.xcdatamodeld */; };
		92DDB5192AA7BCCF0001E3C7 /* TextMO+CoreDataClass.swift in Sources */ = {isa = PBXBuildFile; fileRef = 92DDB5172AA7BCCF0001E3C7 /* TextMO+CoreDataClass.swift */; };
		92DDB51A2AA7BCCF0001E3C7 /* TextMO+CoreDataProperties.swift in Sources */ = {isa = PBXBuildFile; fileRef = 92DDB5182AA7BCCF0001E3C7 /* TextMO+CoreDataProperties.swift */; };
		92DDB51C2AA7BD370001E3C7 /* Store.swift in Sources */ = {isa = PBXBuildFile; fileRef = 92DDB51B2AA7BD370001E3C7 /* Store.swift */; };
		92DDB51E2AA7BD620001E3C7 /* NSManagedObject+Extension.swift in Sources */ = {isa = PBXBuildFile; fileRef = 92DDB51D2AA7BD620001E3C7 /* NSManagedObject+Extension.swift */; };
		92DDB5202AA7BD8A0001E3C7 /* TextMODataSource.swift in Sources */ = {isa = PBXBuildFile; fileRef = 92DDB51F2AA7BD8A0001E3C7 /* TextMODataSource.swift */; };
		92DDB5242AA7CEC80001E3C7 /* AbstractErrorParser.swift in Sources */ = {isa = PBXBuildFile; fileRef = 92DDB5232AA7CEC80001E3C7 /* AbstractErrorParser.swift */; };
		92DDB5262AA7CEDE0001E3C7 /* AbstractRequestFactory.swift in Sources */ = {isa = PBXBuildFile; fileRef = 92DDB5252AA7CEDE0001E3C7 /* AbstractRequestFactory.swift */; };
		92DDB5282AA7CEF20001E3C7 /* DataRequest.swift in Sources */ = {isa = PBXBuildFile; fileRef = 92DDB5272AA7CEF20001E3C7 /* DataRequest.swift */; };
		92DDB52A2AA7CF0C0001E3C7 /* ErrorParser.swift in Sources */ = {isa = PBXBuildFile; fileRef = 92DDB5292AA7CF0C0001E3C7 /* ErrorParser.swift */; };
		92DDB52C2AA7CF200001E3C7 /* RequestRouter.swift in Sources */ = {isa = PBXBuildFile; fileRef = 92DDB52B2AA7CF200001E3C7 /* RequestRouter.swift */; };
/* End PBXBuildFile section */

/* Begin PBXFileReference section */
		92DDB4D12AA7A9A90001E3C7 /* SeptemberTestTask.app */ = {isa = PBXFileReference; explicitFileType = wrapper.application; includeInIndex = 0; path = SeptemberTestTask.app; sourceTree = BUILT_PRODUCTS_DIR; };
		92DDB4D42AA7A9A90001E3C7 /* AppDelegate.swift */ = {isa = PBXFileReference; lastKnownFileType = sourcecode.swift; path = AppDelegate.swift; sourceTree = "<group>"; };
		92DDB4D82AA7A9A90001E3C7 /* ViewController.swift */ = {isa = PBXFileReference; lastKnownFileType = sourcecode.swift; path = ViewController.swift; sourceTree = "<group>"; };
		92DDB4DD2AA7A9AA0001E3C7 /* Assets.xcassets */ = {isa = PBXFileReference; lastKnownFileType = folder.assetcatalog; path = Assets.xcassets; sourceTree = "<group>"; };
		92DDB4E02AA7A9AA0001E3C7 /* Base */ = {isa = PBXFileReference; lastKnownFileType = file.storyboard; name = Base; path = Base.lproj/LaunchScreen.storyboard; sourceTree = "<group>"; };
		92DDB4E22AA7A9AA0001E3C7 /* Info.plist */ = {isa = PBXFileReference; lastKnownFileType = text.plist.xml; path = Info.plist; sourceTree = "<group>"; };
		92DDB4E82AA7AA1E0001E3C7 /* AppCoordinator.swift */ = {isa = PBXFileReference; lastKnownFileType = sourcecode.swift; path = AppCoordinator.swift; sourceTree = "<group>"; };
		92DDB4EF2AA7ABDD0001E3C7 /* Design.swift */ = {isa = PBXFileReference; lastKnownFileType = sourcecode.swift; path = Design.swift; sourceTree = "<group>"; };
		92DDB4F12AA7AEE30001E3C7 /* BaseTabBar.swift */ = {isa = PBXFileReference; lastKnownFileType = sourcecode.swift; path = BaseTabBar.swift; sourceTree = "<group>"; };
		92DDB4F82AA7B13F0001E3C7 /* BaseUITableViewCell.swift */ = {isa = PBXFileReference; lastKnownFileType = sourcecode.swift; path = BaseUITableViewCell.swift; sourceTree = "<group>"; };
		92DDB4FA2AA7B1CD0001E3C7 /* MainViewService.swift */ = {isa = PBXFileReference; lastKnownFileType = sourcecode.swift; path = MainViewService.swift; sourceTree = "<group>"; };
		92DDB4FC2AA7B1DD0001E3C7 /* MainViewUITableViewDataSource.swift */ = {isa = PBXFileReference; lastKnownFileType = sourcecode.swift; path = MainViewUITableViewDataSource.swift; sourceTree = "<group>"; };
		92DDB4FE2AA7B1E80001E3C7 /* MainViewBuilder.swift */ = {isa = PBXFileReference; lastKnownFileType = sourcecode.swift; path = MainViewBuilder.swift; sourceTree = "<group>"; };
		92DDB5002AA7B1F20001E3C7 /* MainViewInteraction.swift */ = {isa = PBXFileReference; lastKnownFileType = sourcecode.swift; path = MainViewInteraction.swift; sourceTree = "<group>"; };
		92DDB5022AA7B1FD0001E3C7 /* MainViewNavigation.swift */ = {isa = PBXFileReference; lastKnownFileType = sourcecode.swift; path = MainViewNavigation.swift; sourceTree = "<group>"; };
		92DDB5072AA7B23D0001E3C7 /* MainViewPresentation.swift */ = {isa = PBXFileReference; lastKnownFileType = sourcecode.swift; path = MainViewPresentation.swift; sourceTree = "<group>"; };
		92DDB5092AA7B2950001E3C7 /* MainView.swift */ = {isa = PBXFileReference; lastKnownFileType = sourcecode.swift; path = MainView.swift; sourceTree = "<group>"; };
		92DDB50B2AA7B2A80001E3C7 /* MainViewController.swift */ = {isa = PBXFileReference; lastKnownFileType = sourcecode.swift; path = MainViewController.swift; sourceTree = "<group>"; };
		92DDB50E2AA7B6A10001E3C7 /* CustomTextField.swift */ = {isa = PBXFileReference; lastKnownFileType = sourcecode.swift; path = CustomTextField.swift; sourceTree = "<group>"; };
		92DDB5102AA7BA5F0001E3C7 /* MainTableCell.swift */ = {isa = PBXFileReference; lastKnownFileType = sourcecode.swift; path = MainTableCell.swift; sourceTree = "<group>"; };
		92DDB5152AA7BC730001E3C7 /* MainCoreData.xcdatamodel */ = {isa = PBXFileReference; lastKnownFileType = wrapper.xcdatamodel; path = MainCoreData.xcdatamodel; sourceTree = "<group>"; };
		92DDB5172AA7BCCF0001E3C7 /* TextMO+CoreDataClass.swift */ = {isa = PBXFileReference; lastKnownFileType = sourcecode.swift; path = "TextMO+CoreDataClass.swift"; sourceTree = "<group>"; };
		92DDB5182AA7BCCF0001E3C7 /* TextMO+CoreDataProperties.swift */ = {isa = PBXFileReference; lastKnownFileType = sourcecode.swift; path = "TextMO+CoreDataProperties.swift"; sourceTree = "<group>"; };
		92DDB51B2AA7BD370001E3C7 /* Store.swift */ = {isa = PBXFileReference; lastKnownFileType = sourcecode.swift; path = Store.swift; sourceTree = "<group>"; };
		92DDB51D2AA7BD620001E3C7 /* NSManagedObject+Extension.swift */ = {isa = PBXFileReference; lastKnownFileType = sourcecode.swift; path = "NSManagedObject+Extension.swift"; sourceTree = "<group>"; };
		92DDB51F2AA7BD8A0001E3C7 /* TextMODataSource.swift */ = {isa = PBXFileReference; lastKnownFileType = sourcecode.swift; path = TextMODataSource.swift; sourceTree = "<group>"; };
		92DDB5232AA7CEC80001E3C7 /* AbstractErrorParser.swift */ = {isa = PBXFileReference; lastKnownFileType = sourcecode.swift; path = AbstractErrorParser.swift; sourceTree = "<group>"; };
		92DDB5252AA7CEDE0001E3C7 /* AbstractRequestFactory.swift */ = {isa = PBXFileReference; lastKnownFileType = sourcecode.swift; path = AbstractRequestFactory.swift; sourceTree = "<group>"; };
		92DDB5272AA7CEF20001E3C7 /* DataRequest.swift */ = {isa = PBXFileReference; lastKnownFileType = sourcecode.swift; path = DataRequest.swift; sourceTree = "<group>"; };
		92DDB5292AA7CF0C0001E3C7 /* ErrorParser.swift */ = {isa = PBXFileReference; lastKnownFileType = sourcecode.swift; path = ErrorParser.swift; sourceTree = "<group>"; };
		92DDB52B2AA7CF200001E3C7 /* RequestRouter.swift */ = {isa = PBXFileReference; lastKnownFileType = sourcecode.swift; path = RequestRouter.swift; sourceTree = "<group>"; };
		997CCA59ECBCE1160B641C8D /* Pods-SeptemberTestTask.debug.xcconfig */ = {isa = PBXFileReference; includeInIndex = 1; lastKnownFileType = text.xcconfig; name = "Pods-SeptemberTestTask.debug.xcconfig"; path = "Target Support Files/Pods-SeptemberTestTask/Pods-SeptemberTestTask.debug.xcconfig"; sourceTree = "<group>"; };
		AC00AE1EA7A973873C1F46F6 /* Pods_SeptemberTestTask.framework */ = {isa = PBXFileReference; explicitFileType = wrapper.framework; includeInIndex = 0; path = Pods_SeptemberTestTask.framework; sourceTree = BUILT_PRODUCTS_DIR; };
		AE6BE7DA7FBAAB2F2345632D /* Pods-SeptemberTestTask.release.xcconfig */ = {isa = PBXFileReference; includeInIndex = 1; lastKnownFileType = text.xcconfig; name = "Pods-SeptemberTestTask.release.xcconfig"; path = "Target Support Files/Pods-SeptemberTestTask/Pods-SeptemberTestTask.release.xcconfig"; sourceTree = "<group>"; };
/* End PBXFileReference section */

/* Begin PBXFrameworksBuildPhase section */
		92DDB4CE2AA7A9A90001E3C7 /* Frameworks */ = {
			isa = PBXFrameworksBuildPhase;
			buildActionMask = 2147483647;
			files = (
				3708E51DCDAC7AA58C817EB2 /* Pods_SeptemberTestTask.framework in Frameworks */,
			);
			runOnlyForDeploymentPostprocessing = 0;
		};
/* End PBXFrameworksBuildPhase section */

/* Begin PBXGroup section */
		92DDB4C82AA7A9A90001E3C7 = {
			isa = PBXGroup;
			children = (
				92DDB4D32AA7A9A90001E3C7 /* SeptemberTestTask */,
				92DDB4D22AA7A9A90001E3C7 /* Products */,
				BC66A86E30CB80E65134AD9D /* Pods */,
				E70138EED5610A2E1C02335F /* Frameworks */,
			);
			sourceTree = "<group>";
		};
		92DDB4D22AA7A9A90001E3C7 /* Products */ = {
			isa = PBXGroup;
			children = (
				92DDB4D12AA7A9A90001E3C7 /* SeptemberTestTask.app */,
			);
			name = Products;
			sourceTree = "<group>";
		};
		92DDB4D32AA7A9A90001E3C7 /* SeptemberTestTask */ = {
			isa = PBXGroup;
			children = (
				92DDB5212AA7CEAA0001E3C7 /* Core */,
				92DDB5122AA7BC350001E3C7 /* Services */,
				92DDB4F62AA7B12A0001E3C7 /* Extensions */,
				92DDB4EA2AA7AA8A0001E3C7 /* Application */,
				92DDB4EB2AA7ABA10001E3C7 /* Presentation */,
				92DDB4EE2AA7ABD00001E3C7 /* Resources */,
				92DDB4D82AA7A9A90001E3C7 /* ViewController.swift */,
				92DDB4DF2AA7A9AA0001E3C7 /* LaunchScreen.storyboard */,
				92DDB4E22AA7A9AA0001E3C7 /* Info.plist */,
			);
			path = SeptemberTestTask;
			sourceTree = "<group>";
		};
		92DDB4EA2AA7AA8A0001E3C7 /* Application */ = {
			isa = PBXGroup;
			children = (
				92DDB4E82AA7AA1E0001E3C7 /* AppCoordinator.swift */,
				92DDB4D42AA7A9A90001E3C7 /* AppDelegate.swift */,
			);
			path = Application;
			sourceTree = "<group>";
		};
		92DDB4EB2AA7ABA10001E3C7 /* Presentation */ = {
			isa = PBXGroup;
			children = (
				92DDB4EC2AA7ABA90001E3C7 /* BaseTabBarController */,
				92DDB4ED2AA7ABBB0001E3C7 /* MainViewController */,
			);
			path = Presentation;
			sourceTree = "<group>";
		};
		92DDB4EC2AA7ABA90001E3C7 /* BaseTabBarController */ = {
			isa = PBXGroup;
			children = (
				92DDB4F12AA7AEE30001E3C7 /* BaseTabBar.swift */,
			);
			path = BaseTabBarController;
			sourceTree = "<group>";
		};
		92DDB4ED2AA7ABBB0001E3C7 /* MainViewController */ = {
			isa = PBXGroup;
			children = (
				92DDB4F52AA7B11D0001E3C7 /* Data */,
				92DDB4F42AA7B1130001E3C7 /* Domain */,
				92DDB4F32AA7B1080001E3C7 /* Presentation */,
			);
			path = MainViewController;
			sourceTree = "<group>";
		};
		92DDB4EE2AA7ABD00001E3C7 /* Resources */ = {
			isa = PBXGroup;
			children = (
				92DDB4DD2AA7A9AA0001E3C7 /* Assets.xcassets */,
				92DDB4EF2AA7ABDD0001E3C7 /* Design.swift */,
			);
			path = Resources;
			sourceTree = "<group>";
		};
		92DDB4F32AA7B1080001E3C7 /* Presentation */ = {
			isa = PBXGroup;
			children = (
				92DDB5052AA7B21D0001E3C7 /* Models */,
				92DDB5042AA7B2110001E3C7 /* Views */,
				92DDB50B2AA7B2A80001E3C7 /* MainViewController.swift */,
			);
			path = Presentation;
			sourceTree = "<group>";
		};
		92DDB4F42AA7B1130001E3C7 /* Domain */ = {
			isa = PBXGroup;
			children = (
				92DDB4FE2AA7B1E80001E3C7 /* MainViewBuilder.swift */,
				92DDB5002AA7B1F20001E3C7 /* MainViewInteraction.swift */,
				92DDB5022AA7B1FD0001E3C7 /* MainViewNavigation.swift */,
				92DDB5072AA7B23D0001E3C7 /* MainViewPresentation.swift */,
			);
			path = Domain;
			sourceTree = "<group>";
		};
		92DDB4F52AA7B11D0001E3C7 /* Data */ = {
			isa = PBXGroup;
			children = (
				92DDB4FA2AA7B1CD0001E3C7 /* MainViewService.swift */,
				92DDB4FC2AA7B1DD0001E3C7 /* MainViewUITableViewDataSource.swift */,
			);
			path = Data;
			sourceTree = "<group>";
		};
		92DDB4F62AA7B12A0001E3C7 /* Extensions */ = {
			isa = PBXGroup;
			children = (
				92DDB4F82AA7B13F0001E3C7 /* BaseUITableViewCell.swift */,
				92DDB50E2AA7B6A10001E3C7 /* CustomTextField.swift */,
			);
			path = Extensions;
			sourceTree = "<group>";
		};
		92DDB5042AA7B2110001E3C7 /* Views */ = {
			isa = PBXGroup;
			children = (
				92DDB5062AA7B2280001E3C7 /* Cell */,
				92DDB5092AA7B2950001E3C7 /* MainView.swift */,
			);
			path = Views;
			sourceTree = "<group>";
		};
		92DDB5052AA7B21D0001E3C7 /* Models */ = {
			isa = PBXGroup;
			children = (
			);
			path = Models;
			sourceTree = "<group>";
		};
		92DDB5062AA7B2280001E3C7 /* Cell */ = {
			isa = PBXGroup;
			children = (
				92DDB5102AA7BA5F0001E3C7 /* MainTableCell.swift */,
			);
			path = Cell;
			sourceTree = "<group>";
		};
		92DDB5122AA7BC350001E3C7 /* Services */ = {
			isa = PBXGroup;
			children = (
				92DDB5132AA7BC3F0001E3C7 /* CoreData */,
			);
			path = Services;
			sourceTree = "<group>";
		};
		92DDB5132AA7BC3F0001E3C7 /* CoreData */ = {
			isa = PBXGroup;
			children = (
				92DDB5172AA7BCCF0001E3C7 /* TextMO+CoreDataClass.swift */,
				92DDB5182AA7BCCF0001E3C7 /* TextMO+CoreDataProperties.swift */,
				92DDB5142AA7BC730001E3C7 /* MainCoreData.xcdatamodeld */,
				92DDB51B2AA7BD370001E3C7 /* Store.swift */,
				92DDB51D2AA7BD620001E3C7 /* NSManagedObject+Extension.swift */,
				92DDB51F2AA7BD8A0001E3C7 /* TextMODataSource.swift */,
			);
			path = CoreData;
			sourceTree = "<group>";
		};
		92DDB5212AA7CEAA0001E3C7 /* Core */ = {
			isa = PBXGroup;
			children = (
				92DDB5222AA7CEB50001E3C7 /* Network */,
			);
			path = Core;
			sourceTree = "<group>";
		};
		92DDB5222AA7CEB50001E3C7 /* Network */ = {
			isa = PBXGroup;
			children = (
				92DDB5232AA7CEC80001E3C7 /* AbstractErrorParser.swift */,
				92DDB5252AA7CEDE0001E3C7 /* AbstractRequestFactory.swift */,
				92DDB5272AA7CEF20001E3C7 /* DataRequest.swift */,
				92DDB5292AA7CF0C0001E3C7 /* ErrorParser.swift */,
				92DDB52B2AA7CF200001E3C7 /* RequestRouter.swift */,
			);
			path = Network;
			sourceTree = "<group>";
		};
		BC66A86E30CB80E65134AD9D /* Pods */ = {
			isa = PBXGroup;
			children = (
				997CCA59ECBCE1160B641C8D /* Pods-SeptemberTestTask.debug.xcconfig */,
				AE6BE7DA7FBAAB2F2345632D /* Pods-SeptemberTestTask.release.xcconfig */,
			);
			path = Pods;
			sourceTree = "<group>";
		};
		E70138EED5610A2E1C02335F /* Frameworks */ = {
			isa = PBXGroup;
			children = (
				AC00AE1EA7A973873C1F46F6 /* Pods_SeptemberTestTask.framework */,
			);
			name = Frameworks;
			sourceTree = "<group>";
		};
/* End PBXGroup section */

/* Begin PBXNativeTarget section */
		92DDB4D02AA7A9A90001E3C7 /* SeptemberTestTask */ = {
			isa = PBXNativeTarget;
			buildConfigurationList = 92DDB4E52AA7A9AA0001E3C7 /* Build configuration list for PBXNativeTarget "SeptemberTestTask" */;
			buildPhases = (
				D11CD45D2F4174300C19FFD2 /* [CP] Check Pods Manifest.lock */,
				92DDB4CD2AA7A9A90001E3C7 /* Sources */,
				92DDB4CE2AA7A9A90001E3C7 /* Frameworks */,
				92DDB4CF2AA7A9A90001E3C7 /* Resources */,
				9B943372C386FBBFFA94E079 /* [CP] Embed Pods Frameworks */,
			);
			buildRules = (
			);
			dependencies = (
			);
			name = SeptemberTestTask;
			productName = SeptemberTestTask;
			productReference = 92DDB4D12AA7A9A90001E3C7 /* SeptemberTestTask.app */;
			productType = "com.apple.product-type.application";
		};
/* End PBXNativeTarget section */

/* Begin PBXProject section */
		92DDB4C92AA7A9A90001E3C7 /* Project object */ = {
			isa = PBXProject;
			attributes = {
				BuildIndependentTargetsInParallel = 1;
				LastSwiftUpdateCheck = 1430;
				LastUpgradeCheck = 1430;
				TargetAttributes = {
					92DDB4D02AA7A9A90001E3C7 = {
						CreatedOnToolsVersion = 14.3.1;
					};
				};
			};
			buildConfigurationList = 92DDB4CC2AA7A9A90001E3C7 /* Build configuration list for PBXProject "SeptemberTestTask" */;
			compatibilityVersion = "Xcode 14.0";
			developmentRegion = en;
			hasScannedForEncodings = 0;
			knownRegions = (
				en,
				Base,
			);
			mainGroup = 92DDB4C82AA7A9A90001E3C7;
			productRefGroup = 92DDB4D22AA7A9A90001E3C7 /* Products */;
			projectDirPath = "";
			projectRoot = "";
			targets = (
				92DDB4D02AA7A9A90001E3C7 /* SeptemberTestTask */,
			);
		};
/* End PBXProject section */

/* Begin PBXResourcesBuildPhase section */
		92DDB4CF2AA7A9A90001E3C7 /* Resources */ = {
			isa = PBXResourcesBuildPhase;
			buildActionMask = 2147483647;
			files = (
				92DDB4E12AA7A9AA0001E3C7 /* LaunchScreen.storyboard in Resources */,
				92DDB4DE2AA7A9AA0001E3C7 /* Assets.xcassets in Resources */,
			);
			runOnlyForDeploymentPostprocessing = 0;
		};
/* End PBXResourcesBuildPhase section */

/* Begin PBXShellScriptBuildPhase section */
		9B943372C386FBBFFA94E079 /* [CP] Embed Pods Frameworks */ = {
			isa = PBXShellScriptBuildPhase;
			buildActionMask = 2147483647;
			files = (
			);
			inputFileListPaths = (
				"${PODS_ROOT}/Target Support Files/Pods-SeptemberTestTask/Pods-SeptemberTestTask-frameworks-${CONFIGURATION}-input-files.xcfilelist",
			);
			name = "[CP] Embed Pods Frameworks";
			outputFileListPaths = (
				"${PODS_ROOT}/Target Support Files/Pods-SeptemberTestTask/Pods-SeptemberTestTask-frameworks-${CONFIGURATION}-output-files.xcfilelist",
			);
			runOnlyForDeploymentPostprocessing = 0;
			shellPath = /bin/sh;
			shellScript = "\"${PODS_ROOT}/Target Support Files/Pods-SeptemberTestTask/Pods-SeptemberTestTask-frameworks.sh\"\n";
			showEnvVarsInLog = 0;
		};
		D11CD45D2F4174300C19FFD2 /* [CP] Check Pods Manifest.lock */ = {
			isa = PBXShellScriptBuildPhase;
			buildActionMask = 2147483647;
			files = (
			);
			inputFileListPaths = (
			);
			inputPaths = (
				"${PODS_PODFILE_DIR_PATH}/Podfile.lock",
				"${PODS_ROOT}/Manifest.lock",
			);
			name = "[CP] Check Pods Manifest.lock";
			outputFileListPaths = (
			);
			outputPaths = (
				"$(DERIVED_FILE_DIR)/Pods-SeptemberTestTask-checkManifestLockResult.txt",
			);
			runOnlyForDeploymentPostprocessing = 0;
			shellPath = /bin/sh;
			shellScript = "diff \"${PODS_PODFILE_DIR_PATH}/Podfile.lock\" \"${PODS_ROOT}/Manifest.lock\" > /dev/null\nif [ $? != 0 ] ; then\n    # print error to STDERR\n    echo \"error: The sandbox is not in sync with the Podfile.lock. Run 'pod install' or update your CocoaPods installation.\" >&2\n    exit 1\nfi\n# This output is used by Xcode 'outputs' to avoid re-running this script phase.\necho \"SUCCESS\" > \"${SCRIPT_OUTPUT_FILE_0}\"\n";
			showEnvVarsInLog = 0;
		};
/* End PBXShellScriptBuildPhase section */

/* Begin PBXSourcesBuildPhase section */
		92DDB4CD2AA7A9A90001E3C7 /* Sources */ = {
			isa = PBXSourcesBuildPhase;
			buildActionMask = 2147483647;
			files = (
				92DDB51E2AA7BD620001E3C7 /* NSManagedObject+Extension.swift in Sources */,
				92DDB5202AA7BD8A0001E3C7 /* TextMODataSource.swift in Sources */,
				92DDB4FB2AA7B1CD0001E3C7 /* MainViewService.swift in Sources */,
				92DDB52A2AA7CF0C0001E3C7 /* ErrorParser.swift in Sources */,
				92DDB5242AA7CEC80001E3C7 /* AbstractErrorParser.swift in Sources */,
				92DDB5262AA7CEDE0001E3C7 /* AbstractRequestFactory.swift in Sources */,
				92DDB50A2AA7B2950001E3C7 /* MainView.swift in Sources */,
				92DDB5192AA7BCCF0001E3C7 /* TextMO+CoreDataClass.swift in Sources */,
				92DDB5082AA7B23D0001E3C7 /* MainViewPresentation.swift in Sources */,
				92DDB4F22AA7AEE30001E3C7 /* BaseTabBar.swift in Sources */,
				92DDB51A2AA7BCCF0001E3C7 /* TextMO+CoreDataProperties.swift in Sources */,
				92DDB4FF2AA7B1E80001E3C7 /* MainViewBuilder.swift in Sources */,
				92DDB5162AA7BC730001E3C7 /* MainCoreData.xcdatamodeld in Sources */,
				92DDB4FD2AA7B1DD0001E3C7 /* MainViewUITableViewDataSource.swift in Sources */,
				92DDB4E92AA7AA1E0001E3C7 /* AppCoordinator.swift in Sources */,
				92DDB50C2AA7B2A80001E3C7 /* MainViewController.swift in Sources */,
				92DDB4F02AA7ABDD0001E3C7 /* Design.swift in Sources */,
				92DDB52C2AA7CF200001E3C7 /* RequestRouter.swift in Sources */,
				92DDB5282AA7CEF20001E3C7 /* DataRequest.swift in Sources */,
				92DDB4F92AA7B13F0001E3C7 /* BaseUITableViewCell.swift in Sources */,
				92DDB4D92AA7A9A90001E3C7 /* ViewController.swift in Sources */,
				92DDB5112AA7BA5F0001E3C7 /* MainTableCell.swift in Sources */,
				92DDB51C2AA7BD370001E3C7 /* Store.swift in Sources */,
				92DDB5012AA7B1F20001E3C7 /* MainViewInteraction.swift in Sources */,
				92DDB4D52AA7A9A90001E3C7 /* AppDelegate.swift in Sources */,
				92DDB5032AA7B1FD0001E3C7 /* MainViewNavigation.swift in Sources */,
				92DDB50F2AA7B6A10001E3C7 /* CustomTextField.swift in Sources */,
			);
			runOnlyForDeploymentPostprocessing = 0;
		};
/* End PBXSourcesBuildPhase section */

/* Begin PBXVariantGroup section */
		92DDB4DF2AA7A9AA0001E3C7 /* LaunchScreen.storyboard */ = {
			isa = PBXVariantGroup;
			children = (
				92DDB4E02AA7A9AA0001E3C7 /* Base */,
			);
			name = LaunchScreen.storyboard;
			sourceTree = "<group>";
		};
/* End PBXVariantGroup section */

/* Begin XCBuildConfiguration section */
		92DDB4E32AA7A9AA0001E3C7 /* Debug */ = {
			isa = XCBuildConfiguration;
			buildSettings = {
				ALWAYS_SEARCH_USER_PATHS = NO;
				CLANG_ANALYZER_NONNULL = YES;
				CLANG_ANALYZER_NUMBER_OBJECT_CONVERSION = YES_AGGRESSIVE;
				CLANG_CXX_LANGUAGE_STANDARD = "gnu++20";
				CLANG_ENABLE_MODULES = YES;
				CLANG_ENABLE_OBJC_ARC = YES;
				CLANG_ENABLE_OBJC_WEAK = YES;
				CLANG_WARN_BLOCK_CAPTURE_AUTORELEASING = YES;
				CLANG_WARN_BOOL_CONVERSION = YES;
				CLANG_WARN_COMMA = YES;
				CLANG_WARN_CONSTANT_CONVERSION = YES;
				CLANG_WARN_DEPRECATED_OBJC_IMPLEMENTATIONS = YES;
				CLANG_WARN_DIRECT_OBJC_ISA_USAGE = YES_ERROR;
				CLANG_WARN_DOCUMENTATION_COMMENTS = YES;
				CLANG_WARN_EMPTY_BODY = YES;
				CLANG_WARN_ENUM_CONVERSION = YES;
				CLANG_WARN_INFINITE_RECURSION = YES;
				CLANG_WARN_INT_CONVERSION = YES;
				CLANG_WARN_NON_LITERAL_NULL_CONVERSION = YES;
				CLANG_WARN_OBJC_IMPLICIT_RETAIN_SELF = YES;
				CLANG_WARN_OBJC_LITERAL_CONVERSION = YES;
				CLANG_WARN_OBJC_ROOT_CLASS = YES_ERROR;
				CLANG_WARN_QUOTED_INCLUDE_IN_FRAMEWORK_HEADER = YES;
				CLANG_WARN_RANGE_LOOP_ANALYSIS = YES;
				CLANG_WARN_STRICT_PROTOTYPES = YES;
				CLANG_WARN_SUSPICIOUS_MOVE = YES;
				CLANG_WARN_UNGUARDED_AVAILABILITY = YES_AGGRESSIVE;
				CLANG_WARN_UNREACHABLE_CODE = YES;
				CLANG_WARN__DUPLICATE_METHOD_MATCH = YES;
				COPY_PHASE_STRIP = NO;
				DEBUG_INFORMATION_FORMAT = dwarf;
				ENABLE_STRICT_OBJC_MSGSEND = YES;
				ENABLE_TESTABILITY = YES;
				GCC_C_LANGUAGE_STANDARD = gnu11;
				GCC_DYNAMIC_NO_PIC = NO;
				GCC_NO_COMMON_BLOCKS = YES;
				GCC_OPTIMIZATION_LEVEL = 0;
				GCC_PREPROCESSOR_DEFINITIONS = (
					"DEBUG=1",
					"$(inherited)",
				);
				GCC_WARN_64_TO_32_BIT_CONVERSION = YES;
				GCC_WARN_ABOUT_RETURN_TYPE = YES_ERROR;
				GCC_WARN_UNDECLARED_SELECTOR = YES;
				GCC_WARN_UNINITIALIZED_AUTOS = YES_AGGRESSIVE;
				GCC_WARN_UNUSED_FUNCTION = YES;
				GCC_WARN_UNUSED_VARIABLE = YES;
				IPHONEOS_DEPLOYMENT_TARGET = 16.4;
				MTL_ENABLE_DEBUG_INFO = INCLUDE_SOURCE;
				MTL_FAST_MATH = YES;
				ONLY_ACTIVE_ARCH = YES;
				SDKROOT = iphoneos;
				SWIFT_ACTIVE_COMPILATION_CONDITIONS = DEBUG;
				SWIFT_OPTIMIZATION_LEVEL = "-Onone";
			};
			name = Debug;
		};
		92DDB4E42AA7A9AA0001E3C7 /* Release */ = {
			isa = XCBuildConfiguration;
			buildSettings = {
				ALWAYS_SEARCH_USER_PATHS = NO;
				CLANG_ANALYZER_NONNULL = YES;
				CLANG_ANALYZER_NUMBER_OBJECT_CONVERSION = YES_AGGRESSIVE;
				CLANG_CXX_LANGUAGE_STANDARD = "gnu++20";
				CLANG_ENABLE_MODULES = YES;
				CLANG_ENABLE_OBJC_ARC = YES;
				CLANG_ENABLE_OBJC_WEAK = YES;
				CLANG_WARN_BLOCK_CAPTURE_AUTORELEASING = YES;
				CLANG_WARN_BOOL_CONVERSION = YES;
				CLANG_WARN_COMMA = YES;
				CLANG_WARN_CONSTANT_CONVERSION = YES;
				CLANG_WARN_DEPRECATED_OBJC_IMPLEMENTATIONS = YES;
				CLANG_WARN_DIRECT_OBJC_ISA_USAGE = YES_ERROR;
				CLANG_WARN_DOCUMENTATION_COMMENTS = YES;
				CLANG_WARN_EMPTY_BODY = YES;
				CLANG_WARN_ENUM_CONVERSION = YES;
				CLANG_WARN_INFINITE_RECURSION = YES;
				CLANG_WARN_INT_CONVERSION = YES;
				CLANG_WARN_NON_LITERAL_NULL_CONVERSION = YES;
				CLANG_WARN_OBJC_IMPLICIT_RETAIN_SELF = YES;
				CLANG_WARN_OBJC_LITERAL_CONVERSION = YES;
				CLANG_WARN_OBJC_ROOT_CLASS = YES_ERROR;
				CLANG_WARN_QUOTED_INCLUDE_IN_FRAMEWORK_HEADER = YES;
				CLANG_WARN_RANGE_LOOP_ANALYSIS = YES;
				CLANG_WARN_STRICT_PROTOTYPES = YES;
				CLANG_WARN_SUSPICIOUS_MOVE = YES;
				CLANG_WARN_UNGUARDED_AVAILABILITY = YES_AGGRESSIVE;
				CLANG_WARN_UNREACHABLE_CODE = YES;
				CLANG_WARN__DUPLICATE_METHOD_MATCH = YES;
				COPY_PHASE_STRIP = NO;
				DEBUG_INFORMATION_FORMAT = "dwarf-with-dsym";
				ENABLE_NS_ASSERTIONS = NO;
				ENABLE_STRICT_OBJC_MSGSEND = YES;
				GCC_C_LANGUAGE_STANDARD = gnu11;
				GCC_NO_COMMON_BLOCKS = YES;
				GCC_WARN_64_TO_32_BIT_CONVERSION = YES;
				GCC_WARN_ABOUT_RETURN_TYPE = YES_ERROR;
				GCC_WARN_UNDECLARED_SELECTOR = YES;
				GCC_WARN_UNINITIALIZED_AUTOS = YES_AGGRESSIVE;
				GCC_WARN_UNUSED_FUNCTION = YES;
				GCC_WARN_UNUSED_VARIABLE = YES;
				IPHONEOS_DEPLOYMENT_TARGET = 16.4;
				MTL_ENABLE_DEBUG_INFO = NO;
				MTL_FAST_MATH = YES;
				SDKROOT = iphoneos;
				SWIFT_COMPILATION_MODE = wholemodule;
				SWIFT_OPTIMIZATION_LEVEL = "-O";
				VALIDATE_PRODUCT = YES;
			};
			name = Release;
		};
		92DDB4E62AA7A9AA0001E3C7 /* Debug */ = {
			isa = XCBuildConfiguration;
			baseConfigurationReference = 997CCA59ECBCE1160B641C8D /* Pods-SeptemberTestTask.debug.xcconfig */;
			buildSettings = {
				ASSETCATALOG_COMPILER_APPICON_NAME = AppIcon;
				ASSETCATALOG_COMPILER_GLOBAL_ACCENT_COLOR_NAME = AccentColor;
				CODE_SIGN_STYLE = Automatic;
				CURRENT_PROJECT_VERSION = 1;
				DEVELOPMENT_TEAM = FALWNHMM4Z;
				GENERATE_INFOPLIST_FILE = YES;
				INFOPLIST_FILE = SeptemberTestTask/Info.plist;
				INFOPLIST_KEY_UIApplicationSupportsIndirectInputEvents = YES;
				INFOPLIST_KEY_UILaunchStoryboardName = LaunchScreen;
				INFOPLIST_KEY_UISupportedInterfaceOrientations = UIInterfaceOrientationPortrait;
				INFOPLIST_KEY_UISupportedInterfaceOrientations_iPad = "UIInterfaceOrientationLandscapeLeft UIInterfaceOrientationLandscapeRight UIInterfaceOrientationPortrait UIInterfaceOrientationPortraitUpsideDown";
				LD_RUNPATH_SEARCH_PATHS = (
					"$(inherited)",
					"@executable_path/Frameworks",
				);
				MARKETING_VERSION = 1.0;
				PRODUCT_BUNDLE_IDENTIFIER = com.mycompany.SeptemberTestTask;
				PRODUCT_NAME = "$(TARGET_NAME)";
				SWIFT_EMIT_LOC_STRINGS = YES;
				SWIFT_VERSION = 5.0;
				TARGETED_DEVICE_FAMILY = "1,2";
			};
			name = Debug;
		};
		92DDB4E72AA7A9AA0001E3C7 /* Release */ = {
			isa = XCBuildConfiguration;
			baseConfigurationReference = AE6BE7DA7FBAAB2F2345632D /* Pods-SeptemberTestTask.release.xcconfig */;
			buildSettings = {
				ASSETCATALOG_COMPILER_APPICON_NAME = AppIcon;
				ASSETCATALOG_COMPILER_GLOBAL_ACCENT_COLOR_NAME = AccentColor;
				CODE_SIGN_STYLE = Automatic;
				CURRENT_PROJECT_VERSION = 1;
				DEVELOPMENT_TEAM = FALWNHMM4Z;
				GENERATE_INFOPLIST_FILE = YES;
				INFOPLIST_FILE = SeptemberTestTask/Info.plist;
				INFOPLIST_KEY_UIApplicationSupportsIndirectInputEvents = YES;
				INFOPLIST_KEY_UILaunchStoryboardName = LaunchScreen;
				INFOPLIST_KEY_UISupportedInterfaceOrientations = UIInterfaceOrientationPortrait;
				INFOPLIST_KEY_UISupportedInterfaceOrientations_iPad = "UIInterfaceOrientationLandscapeLeft UIInterfaceOrientationLandscapeRight UIInterfaceOrientationPortrait UIInterfaceOrientationPortraitUpsideDown";
				LD_RUNPATH_SEARCH_PATHS = (
					"$(inherited)",
					"@executable_path/Frameworks",
				);
				MARKETING_VERSION = 1.0;
				PRODUCT_BUNDLE_IDENTIFIER = com.mycompany.SeptemberTestTask;
				PRODUCT_NAME = "$(TARGET_NAME)";
				SWIFT_EMIT_LOC_STRINGS = YES;
				SWIFT_VERSION = 5.0;
				TARGETED_DEVICE_FAMILY = "1,2";
			};
			name = Release;
		};
/* End XCBuildConfiguration section */

/* Begin XCConfigurationList section */
		92DDB4CC2AA7A9A90001E3C7 /* Build configuration list for PBXProject "SeptemberTestTask" */ = {
			isa = XCConfigurationList;
			buildConfigurations = (
				92DDB4E32AA7A9AA0001E3C7 /* Debug */,
				92DDB4E42AA7A9AA0001E3C7 /* Release */,
			);
			defaultConfigurationIsVisible = 0;
			defaultConfigurationName = Release;
		};
		92DDB4E52AA7A9AA0001E3C7 /* Build configuration list for PBXNativeTarget "SeptemberTestTask" */ = {
			isa = XCConfigurationList;
			buildConfigurations = (
				92DDB4E62AA7A9AA0001E3C7 /* Debug */,
				92DDB4E72AA7A9AA0001E3C7 /* Release */,
			);
			defaultConfigurationIsVisible = 0;
			defaultConfigurationName = Release;
		};
/* End XCConfigurationList section */

/* Begin XCVersionGroup section */
		92DDB5142AA7BC730001E3C7 /* MainCoreData.xcdatamodeld */ = {
			isa = XCVersionGroup;
			children = (
				92DDB5152AA7BC730001E3C7 /* MainCoreData.xcdatamodel */,
			);
			currentVersion = 92DDB5152AA7BC730001E3C7 /* MainCoreData.xcdatamodel */;
			path = MainCoreData.xcdatamodeld;
			sourceTree = "<group>";
			versionGroupType = wrapper.xcdatamodel;
		};
/* End XCVersionGroup section */
	};
	rootObject = 92DDB4C92AA7A9A90001E3C7 /* Project object */;
}
